
Microsoft Visual Studio Solution File, Format Version 12.00
# Visual Studio Version 16
VisualStudioVersion = 16.0.30804.86
MinimumVisualStudioVersion = 10.0.40219.1
Project("{FAE04EC0-301F-11D3-BF4B-00C04F79EFBC}") = "FunkcjeFinansowe", "FunkcjeFinansowe.csproj", "{5506195F-7776-4EAF-B638-19C9AC09683D}"
EndProject
Project("{FAE04EC0-301F-11D3-BF4B-00C04F79EFBC}") = "FunkcjeFinansowe.Tests", "..\FunkcjeFinansowe.Tests\FunkcjeFinansowe.Tests.csproj", "{9528E854-A8B3-4226-B206-BF2EC578A473}"
EndProject
Project("{9A19103F-16F7-4668-BE54-9A1E7A4F7556}") = "FunkcjeFInansoweGUI", "..\FunkcjeFInansoweGUI\FunkcjeFInansoweGUI.csproj", "{E419DBA3-1809-486F-A973-D25744784DF7}"
EndProject
Project("{2150E333-8FDC-42A3-9474-1A3956D46DE8}") = "Solution Items", "Solution Items", "{F747DC24-5017-4E36-9A43-B6E9B8B840CC}"
	ProjectSection(SolutionItems) = preProject
		Inwestycja.cs = Inwestycja.cs
	EndProjectSection
EndProject
Global
	GlobalSection(SolutionConfigurationPlatforms) = preSolution
		Debug|Any CPU = Debug|Any CPU
		Release|Any CPU = Release|Any CPU
	EndGlobalSection
	GlobalSection(ProjectConfigurationPlatforms) = postSolution
		{5506195F-7776-4EAF-B638-19C9AC09683D}.Debug|Any CPU.ActiveCfg = Debug|Any CPU
		{5506195F-7776-4EAF-B638-19C9AC09683D}.Debug|Any CPU.Build.0 = Debug|Any CPU
		{5506195F-7776-4EAF-B638-19C9AC09683D}.Release|Any CPU.ActiveCfg = Release|Any CPU
		{5506195F-7776-4EAF-B638-19C9AC09683D}.Release|Any CPU.Build.0 = Release|Any CPU
		{9528E854-A8B3-4226-B206-BF2EC578A473}.Debug|Any CPU.ActiveCfg = Debug|Any CPU
		{9528E854-A8B3-4226-B206-BF2EC578A473}.Debug|Any CPU.Build.0 = Debug|Any CPU
		{9528E854-A8B3-4226-B206-BF2EC578A473}.Release|Any CPU.ActiveCfg = Release|Any CPU
		{9528E854-A8B3-4226-B206-BF2EC578A473}.Release|Any CPU.Build.0 = Release|Any CPU
		{E419DBA3-1809-486F-A973-D25744784DF7}.Debug|Any CPU.ActiveCfg = Debug|Any CPU
		{E419DBA3-1809-486F-A973-D25744784DF7}.Debug|Any CPU.Build.0 = Debug|Any CPU
		{E419DBA3-1809-486F-A973-D25744784DF7}.Release|Any CPU.ActiveCfg = Release|Any CPU
		{E419DBA3-1809-486F-A973-D25744784DF7}.Release|Any CPU.Build.0 = Release|Any CPU
	EndGlobalSection
	GlobalSection(SolutionProperties) = preSolution
		HideSolutionNode = FALSE
	EndGlobalSection
	GlobalSection(ExtensibilityGlobals) = postSolution
		SolutionGuid = {D081CB9C-829F-4750-8896-81EB780B2500}
	EndGlobalSection
EndGlobal
